// !$*UTF8*$!
{
	archiveVersion = 1;
	classes = {
	};
	objectVersion = 50;
	objects = {

/* Begin PBXBuildFile section */
		8BC2BCAB23892DB30040BAE9 /* PisteView.swift in Sources */ = {isa = PBXBuildFile; fileRef = 8BC2BCAA23892DB30040BAE9 /* PisteView.swift */; };
		8BC2BCAD23892DCB0040BAE9 /* ScanQRButton.swift in Sources */ = {isa = PBXBuildFile; fileRef = 8BC2BCAC23892DCB0040BAE9 /* ScanQRButton.swift */; };
		8BC2BCAF23893DBB0040BAE9 /* Colors.swift in Sources */ = {isa = PBXBuildFile; fileRef = 8BC2BCAE23893DBB0040BAE9 /* Colors.swift */; };
		8BDD4CE4236EFA5200579094 /* UserDefaults+Extensions.swift in Sources */ = {isa = PBXBuildFile; fileRef = 8BDD4CE3236EFA5200579094 /* UserDefaults+Extensions.swift */; };
		8BDD4CE6236F01C500579094 /* TreatsVM.swift in Sources */ = {isa = PBXBuildFile; fileRef = 8BDD4CE5236F01C500579094 /* TreatsVM.swift */; };
		8BDD4CE8236F038700579094 /* Calories.swift in Sources */ = {isa = PBXBuildFile; fileRef = 8BDD4CE7236F038700579094 /* Calories.swift */; };
		8BDD4CEA236F0E5A00579094 /* AppState.swift in Sources */ = {isa = PBXBuildFile; fileRef = 8BDD4CE9236F0E5A00579094 /* AppState.swift */; };
		8BDD4CEC236F15D100579094 /* ProfileVM.swift in Sources */ = {isa = PBXBuildFile; fileRef = 8BDD4CEB236F15D100579094 /* ProfileVM.swift */; };
		8BDD4CEE236F337B00579094 /* Array+Extensions.swift in Sources */ = {isa = PBXBuildFile; fileRef = 8BDD4CED236F337B00579094 /* Array+Extensions.swift */; };
		8BDD4CF0236F381700579094 /* PrivacyPolicyView.swift in Sources */ = {isa = PBXBuildFile; fileRef = 8BDD4CEF236F381700579094 /* PrivacyPolicyView.swift */; };
		8BE303E2236E010700EBDC44 /* AppDelegate.swift in Sources */ = {isa = PBXBuildFile; fileRef = 8BE303E1236E010700EBDC44 /* AppDelegate.swift */; };
		8BE303E4236E010700EBDC44 /* SceneDelegate.swift in Sources */ = {isa = PBXBuildFile; fileRef = 8BE303E3236E010700EBDC44 /* SceneDelegate.swift */; };
		8BE303E8236E010900EBDC44 /* Assets.xcassets in Resources */ = {isa = PBXBuildFile; fileRef = 8BE303E7236E010900EBDC44 /* Assets.xcassets */; };
		8BE303EB236E010900EBDC44 /* Preview Assets.xcassets in Resources */ = {isa = PBXBuildFile; fileRef = 8BE303EA236E010900EBDC44 /* Preview Assets.xcassets */; };
		8BE303EE236E010900EBDC44 /* LaunchScreen.storyboard in Resources */ = {isa = PBXBuildFile; fileRef = 8BE303EC236E010900EBDC44 /* LaunchScreen.storyboard */; };
		8BE303F8236E05F300EBDC44 /* TabNavView.swift in Sources */ = {isa = PBXBuildFile; fileRef = 8BE303F7236E05F300EBDC44 /* TabNavView.swift */; };
		8BE303FA236E067700EBDC44 /* TreatsView.swift in Sources */ = {isa = PBXBuildFile; fileRef = 8BE303F9236E067700EBDC44 /* TreatsView.swift */; };
		8BE303FC236E068500EBDC44 /* LogbookView.swift in Sources */ = {isa = PBXBuildFile; fileRef = 8BE303FB236E068500EBDC44 /* LogbookView.swift */; };
		8BE303FE236E068D00EBDC44 /* ProfileView.swift in Sources */ = {isa = PBXBuildFile; fileRef = 8BE303FD236E068D00EBDC44 /* ProfileView.swift */; };
		8BE30401236E07AB00EBDC44 /* User.swift in Sources */ = {isa = PBXBuildFile; fileRef = 8BE30400236E07AB00EBDC44 /* User.swift */; };
		8BE30403236E07BD00EBDC44 /* Piste.swift in Sources */ = {isa = PBXBuildFile; fileRef = 8BE30402236E07BD00EBDC44 /* Piste.swift */; };
		8BE30406236E115C00EBDC44 /* slopesData.json in Resources */ = {isa = PBXBuildFile; fileRef = 8BE30405236E115C00EBDC44 /* slopesData.json */; };
		8BE3040B236E11B500EBDC44 /* Styleguide.swift in Sources */ = {isa = PBXBuildFile; fileRef = 8BE3040A236E11B500EBDC44 /* Styleguide.swift */; };
		8BE3040D236E14C800EBDC44 /* LogView.swift in Sources */ = {isa = PBXBuildFile; fileRef = 8BE3040C236E14C800EBDC44 /* LogView.swift */; };
		8BE30410236E1FB300EBDC44 /* LogbookVM.swift in Sources */ = {isa = PBXBuildFile; fileRef = 8BE3040F236E1FB300EBDC44 /* LogbookVM.swift */; };
		8BE30414236E29C600EBDC44 /* AddRunView.swift in Sources */ = {isa = PBXBuildFile; fileRef = 8BE30413236E29C600EBDC44 /* AddRunView.swift */; };
		8BF1C428236E2AF800F310F0 /* Date+Extensions.swift in Sources */ = {isa = PBXBuildFile; fileRef = 8BF1C427236E2AF800F310F0 /* Date+Extensions.swift */; };
		8BF1C42A236E2FAD00F310F0 /* LogbookDetailsView.swift in Sources */ = {isa = PBXBuildFile; fileRef = 8BF1C429236E2FAD00F310F0 /* LogbookDetailsView.swift */; };
		8BF1C42D236E300700F310F0 /* ActivityIndicator.swift in Sources */ = {isa = PBXBuildFile; fileRef = 8BF1C42C236E300700F310F0 /* ActivityIndicator.swift */; };
		8BF1C433236E305B00F310F0 /* TakePhotoView.swift in Sources */ = {isa = PBXBuildFile; fileRef = 8BF1C432236E305B00F310F0 /* TakePhotoView.swift */; };
		8BF1C435236E310800F310F0 /* CameraView.swift in Sources */ = {isa = PBXBuildFile; fileRef = 8BF1C434236E310800F310F0 /* CameraView.swift */; };
/* End PBXBuildFile section */

/* Begin PBXFileReference section */
		8BC2BCAA23892DB30040BAE9 /* PisteView.swift */ = {isa = PBXFileReference; lastKnownFileType = sourcecode.swift; path = PisteView.swift; sourceTree = "<group>"; };
		8BC2BCAC23892DCB0040BAE9 /* ScanQRButton.swift */ = {isa = PBXFileReference; lastKnownFileType = sourcecode.swift; path = ScanQRButton.swift; sourceTree = "<group>"; };
		8BC2BCAE23893DBB0040BAE9 /* Colors.swift */ = {isa = PBXFileReference; lastKnownFileType = sourcecode.swift; path = Colors.swift; sourceTree = "<group>"; };
		8BDD4CE3236EFA5200579094 /* UserDefaults+Extensions.swift */ = {isa = PBXFileReference; lastKnownFileType = sourcecode.swift; path = "UserDefaults+Extensions.swift"; sourceTree = "<group>"; };
		8BDD4CE5236F01C500579094 /* TreatsVM.swift */ = {isa = PBXFileReference; lastKnownFileType = sourcecode.swift; path = TreatsVM.swift; sourceTree = "<group>"; };
		8BDD4CE7236F038700579094 /* Calories.swift */ = {isa = PBXFileReference; lastKnownFileType = sourcecode.swift; path = Calories.swift; sourceTree = "<group>"; };
		8BDD4CE9236F0E5A00579094 /* AppState.swift */ = {isa = PBXFileReference; lastKnownFileType = sourcecode.swift; path = AppState.swift; sourceTree = "<group>"; };
		8BDD4CEB236F15D100579094 /* ProfileVM.swift */ = {isa = PBXFileReference; lastKnownFileType = sourcecode.swift; path = ProfileVM.swift; sourceTree = "<group>"; };
		8BDD4CED236F337B00579094 /* Array+Extensions.swift */ = {isa = PBXFileReference; lastKnownFileType = sourcecode.swift; path = "Array+Extensions.swift"; sourceTree = "<group>"; };
		8BDD4CEF236F381700579094 /* PrivacyPolicyView.swift */ = {isa = PBXFileReference; lastKnownFileType = sourcecode.swift; path = PrivacyPolicyView.swift; sourceTree = "<group>"; };
		8BE303DE236E010700EBDC44 /* TastySlopes.app */ = {isa = PBXFileReference; explicitFileType = wrapper.application; includeInIndex = 0; path = TastySlopes.app; sourceTree = BUILT_PRODUCTS_DIR; };
		8BE303E1236E010700EBDC44 /* AppDelegate.swift */ = {isa = PBXFileReference; lastKnownFileType = sourcecode.swift; path = AppDelegate.swift; sourceTree = "<group>"; };
		8BE303E3236E010700EBDC44 /* SceneDelegate.swift */ = {isa = PBXFileReference; lastKnownFileType = sourcecode.swift; path = SceneDelegate.swift; sourceTree = "<group>"; };
		8BE303E7236E010900EBDC44 /* Assets.xcassets */ = {isa = PBXFileReference; lastKnownFileType = folder.assetcatalog; path = Assets.xcassets; sourceTree = "<group>"; };
		8BE303EA236E010900EBDC44 /* Preview Assets.xcassets */ = {isa = PBXFileReference; lastKnownFileType = folder.assetcatalog; path = "Preview Assets.xcassets"; sourceTree = "<group>"; };
		8BE303ED236E010900EBDC44 /* Base */ = {isa = PBXFileReference; lastKnownFileType = file.storyboard; name = Base; path = Base.lproj/LaunchScreen.storyboard; sourceTree = "<group>"; };
		8BE303EF236E010900EBDC44 /* Info.plist */ = {isa = PBXFileReference; lastKnownFileType = text.plist.xml; path = Info.plist; sourceTree = "<group>"; };
		8BE303F7236E05F300EBDC44 /* TabNavView.swift */ = {isa = PBXFileReference; lastKnownFileType = sourcecode.swift; path = TabNavView.swift; sourceTree = "<group>"; };
		8BE303F9236E067700EBDC44 /* TreatsView.swift */ = {isa = PBXFileReference; lastKnownFileType = sourcecode.swift; path = TreatsView.swift; sourceTree = "<group>"; };
		8BE303FB236E068500EBDC44 /* LogbookView.swift */ = {isa = PBXFileReference; lastKnownFileType = sourcecode.swift; path = LogbookView.swift; sourceTree = "<group>"; };
		8BE303FD236E068D00EBDC44 /* ProfileView.swift */ = {isa = PBXFileReference; lastKnownFileType = sourcecode.swift; path = ProfileView.swift; sourceTree = "<group>"; };
		8BE30400236E07AB00EBDC44 /* User.swift */ = {isa = PBXFileReference; lastKnownFileType = sourcecode.swift; path = User.swift; sourceTree = "<group>"; };
		8BE30402236E07BD00EBDC44 /* Piste.swift */ = {isa = PBXFileReference; lastKnownFileType = sourcecode.swift; path = Piste.swift; sourceTree = "<group>"; };
		8BE30405236E115C00EBDC44 /* slopesData.json */ = {isa = PBXFileReference; lastKnownFileType = text.json; path = slopesData.json; sourceTree = "<group>"; };
		8BE3040A236E11B500EBDC44 /* Styleguide.swift */ = {isa = PBXFileReference; lastKnownFileType = sourcecode.swift; path = Styleguide.swift; sourceTree = "<group>"; };
		8BE3040C236E14C800EBDC44 /* LogView.swift */ = {isa = PBXFileReference; lastKnownFileType = sourcecode.swift; path = LogView.swift; sourceTree = "<group>"; };
		8BE3040F236E1FB300EBDC44 /* LogbookVM.swift */ = {isa = PBXFileReference; lastKnownFileType = sourcecode.swift; path = LogbookVM.swift; sourceTree = "<group>"; };
		8BE30413236E29C600EBDC44 /* AddRunView.swift */ = {isa = PBXFileReference; lastKnownFileType = sourcecode.swift; path = AddRunView.swift; sourceTree = "<group>"; };
		8BF1C427236E2AF800F310F0 /* Date+Extensions.swift */ = {isa = PBXFileReference; lastKnownFileType = sourcecode.swift; path = "Date+Extensions.swift"; sourceTree = "<group>"; };
		8BF1C429236E2FAD00F310F0 /* LogbookDetailsView.swift */ = {isa = PBXFileReference; lastKnownFileType = sourcecode.swift; path = LogbookDetailsView.swift; sourceTree = "<group>"; };
		8BF1C42C236E300700F310F0 /* ActivityIndicator.swift */ = {isa = PBXFileReference; lastKnownFileType = sourcecode.swift; path = ActivityIndicator.swift; sourceTree = "<group>"; };
		8BF1C432236E305B00F310F0 /* TakePhotoView.swift */ = {isa = PBXFileReference; lastKnownFileType = sourcecode.swift; path = TakePhotoView.swift; sourceTree = "<group>"; };
		8BF1C434236E310800F310F0 /* CameraView.swift */ = {isa = PBXFileReference; lastKnownFileType = sourcecode.swift; path = CameraView.swift; sourceTree = "<group>"; };
/* End PBXFileReference section */

/* Begin PBXFrameworksBuildPhase section */
		8BE303DB236E010700EBDC44 /* Frameworks */ = {
			isa = PBXFrameworksBuildPhase;
			buildActionMask = 2147483647;
			files = (
			);
			runOnlyForDeploymentPostprocessing = 0;
		};
/* End PBXFrameworksBuildPhase section */

/* Begin PBXGroup section */
		8BE303D5236E010700EBDC44 = {
			isa = PBXGroup;
			children = (
				8BE303E0236E010700EBDC44 /* TastySlopes */,
				8BE303DF236E010700EBDC44 /* Products */,
			);
			sourceTree = "<group>";
		};
		8BE303DF236E010700EBDC44 /* Products */ = {
			isa = PBXGroup;
			children = (
				8BE303DE236E010700EBDC44 /* TastySlopes.app */,
			);
			name = Products;
			sourceTree = "<group>";
		};
		8BE303E0236E010700EBDC44 /* TastySlopes */ = {
			isa = PBXGroup;
			children = (
				8BDD4CE9236F0E5A00579094 /* AppState.swift */,
				8BF1C426236E2AE700F310F0 /* Helpers */,
				8BE3040E236E1FA000EBDC44 /* ViewModels */,
				8BE30404236E10E600EBDC44 /* UI */,
				8BE303FF236E079100EBDC44 /* Models */,
				8BE303E1236E010700EBDC44 /* AppDelegate.swift */,
				8BE303E3236E010700EBDC44 /* SceneDelegate.swift */,
				8BE303E7236E010900EBDC44 /* Assets.xcassets */,
				8BE303EC236E010900EBDC44 /* LaunchScreen.storyboard */,
				8BE303EF236E010900EBDC44 /* Info.plist */,
				8BE303E9236E010900EBDC44 /* Preview Content */,
				8BE30405236E115C00EBDC44 /* slopesData.json */,
			);
			path = TastySlopes;
			sourceTree = "<group>";
		};
		8BE303E9236E010900EBDC44 /* Preview Content */ = {
			isa = PBXGroup;
			children = (
				8BE303EA236E010900EBDC44 /* Preview Assets.xcassets */,
			);
			path = "Preview Content";
			sourceTree = "<group>";
		};
		8BE303FF236E079100EBDC44 /* Models */ = {
			isa = PBXGroup;
			children = (
				8BE30400236E07AB00EBDC44 /* User.swift */,
				8BE30402236E07BD00EBDC44 /* Piste.swift */,
				8BDD4CE7236F038700579094 /* Calories.swift */,
			);
			path = Models;
			sourceTree = "<group>";
		};
		8BE30404236E10E600EBDC44 /* UI */ = {
			isa = PBXGroup;
			children = (
				8BF1C42B236E2FFB00F310F0 /* UIKit */,
				8BE3040A236E11B500EBDC44 /* Styleguide.swift */,
				8BE30409236E118A00EBDC44 /* Shared */,
				8BE303F7236E05F300EBDC44 /* TabNavView.swift */,
				8BE303F9236E067700EBDC44 /* TreatsView.swift */,
				8BE303FD236E068D00EBDC44 /* ProfileView.swift */,
				8BE3040C236E14C800EBDC44 /* LogView.swift */,
				8BE30413236E29C600EBDC44 /* AddRunView.swift */,
				8BF1C429236E2FAD00F310F0 /* LogbookDetailsView.swift */,
				8BDD4CEF236F381700579094 /* PrivacyPolicyView.swift */,
			);
			path = UI;
			sourceTree = "<group>";
		};
		8BE30409236E118A00EBDC44 /* Shared */ = {
			isa = PBXGroup;
			children = (
				8BC2BCAA23892DB30040BAE9 /* PisteView.swift */,
				8BC2BCAC23892DCB0040BAE9 /* ScanQRButton.swift */,
			);
			path = Shared;
			sourceTree = "<group>";
		};
		8BE3040E236E1FA000EBDC44 /* ViewModels */ = {
			isa = PBXGroup;
			children = (
				8BE3040F236E1FB300EBDC44 /* LogbookVM.swift */,
				8BDD4CE5236F01C500579094 /* TreatsVM.swift */,
				8BDD4CEB236F15D100579094 /* ProfileVM.swift */,
			);
			path = ViewModels;
			sourceTree = "<group>";
		};
		8BF1C426236E2AE700F310F0 /* Helpers */ = {
			isa = PBXGroup;
			children = (
				8BF1C427236E2AF800F310F0 /* Date+Extensions.swift */,
				8BDD4CE3236EFA5200579094 /* UserDefaults+Extensions.swift */,
				8BDD4CED236F337B00579094 /* Array+Extensions.swift */,
				8BC2BCAE23893DBB0040BAE9 /* Colors.swift */,
			);
			path = Helpers;
			sourceTree = "<group>";
		};
		8BF1C42B236E2FFB00F310F0 /* UIKit */ = {
			isa = PBXGroup;
			children = (
				8BF1C42C236E300700F310F0 /* ActivityIndicator.swift */,
				8BF1C432236E305B00F310F0 /* TakePhotoView.swift */,
				8BE303FB236E068500EBDC44 /* LogbookView.swift */,
				8BF1C434236E310800F310F0 /* CameraView.swift */,
			);
			path = UIKit;
			sourceTree = "<group>";
		};
/* End PBXGroup section */

/* Begin PBXNativeTarget section */
		8BE303DD236E010700EBDC44 /* TastySlopes */ = {
			isa = PBXNativeTarget;
			buildConfigurationList = 8BE303F2236E010900EBDC44 /* Build configuration list for PBXNativeTarget "TastySlopes" */;
			buildPhases = (
				8BE303DA236E010700EBDC44 /* Sources */,
				8BE303DB236E010700EBDC44 /* Frameworks */,
				8BE303DC236E010700EBDC44 /* Resources */,
			);
			buildRules = (
			);
			dependencies = (
			);
			name = TastySlopes;
			productName = TastySlopes;
			productReference = 8BE303DE236E010700EBDC44 /* TastySlopes.app */;
			productType = "com.apple.product-type.application";
		};
/* End PBXNativeTarget section */

/* Begin PBXProject section */
		8BE303D6236E010700EBDC44 /* Project object */ = {
			isa = PBXProject;
			attributes = {
				LastSwiftUpdateCheck = 1120;
				LastUpgradeCheck = 1120;
				ORGANIZATIONNAME = "Lea Marolt Sonnenschein";
				TargetAttributes = {
					8BE303DD236E010700EBDC44 = {
						CreatedOnToolsVersion = 11.2;
					};
				};
			};
			buildConfigurationList = 8BE303D9236E010700EBDC44 /* Build configuration list for PBXProject "TastySlopes" */;
			compatibilityVersion = "Xcode 9.3";
			developmentRegion = en;
			hasScannedForEncodings = 0;
			knownRegions = (
				en,
				Base,
			);
			mainGroup = 8BE303D5236E010700EBDC44;
			productRefGroup = 8BE303DF236E010700EBDC44 /* Products */;
			projectDirPath = "";
			projectRoot = "";
			targets = (
				8BE303DD236E010700EBDC44 /* TastySlopes */,
			);
		};
/* End PBXProject section */

/* Begin PBXResourcesBuildPhase section */
		8BE303DC236E010700EBDC44 /* Resources */ = {
			isa = PBXResourcesBuildPhase;
			buildActionMask = 2147483647;
			files = (
				8BE303EE236E010900EBDC44 /* LaunchScreen.storyboard in Resources */,
				8BE303EB236E010900EBDC44 /* Preview Assets.xcassets in Resources */,
				8BE303E8236E010900EBDC44 /* Assets.xcassets in Resources */,
				8BE30406236E115C00EBDC44 /* slopesData.json in Resources */,
			);
			runOnlyForDeploymentPostprocessing = 0;
		};
/* End PBXResourcesBuildPhase section */

/* Begin PBXSourcesBuildPhase section */
		8BE303DA236E010700EBDC44 /* Sources */ = {
			isa = PBXSourcesBuildPhase;
			buildActionMask = 2147483647;
			files = (
				8BE303E2236E010700EBDC44 /* AppDelegate.swift in Sources */,
				8BC2BCAB23892DB30040BAE9 /* PisteView.swift in Sources */,
				8BF1C42D236E300700F310F0 /* ActivityIndicator.swift in Sources */,
				8BF1C433236E305B00F310F0 /* TakePhotoView.swift in Sources */,
				8BDD4CF0236F381700579094 /* PrivacyPolicyView.swift in Sources */,
				8BC2BCAD23892DCB0040BAE9 /* ScanQRButton.swift in Sources */,
				8BF1C435236E310800F310F0 /* CameraView.swift in Sources */,
				8BE30403236E07BD00EBDC44 /* Piste.swift in Sources */,
				8BE303E4236E010700EBDC44 /* SceneDelegate.swift in Sources */,
				8BDD4CEC236F15D100579094 /* ProfileVM.swift in Sources */,
				8BC2BCAF23893DBB0040BAE9 /* Colors.swift in Sources */,
				8BF1C428236E2AF800F310F0 /* Date+Extensions.swift in Sources */,
				8BE3040D236E14C800EBDC44 /* LogView.swift in Sources */,
				8BF1C42A236E2FAD00F310F0 /* LogbookDetailsView.swift in Sources */,
				8BDD4CEA236F0E5A00579094 /* AppState.swift in Sources */,
				8BDD4CE6236F01C500579094 /* TreatsVM.swift in Sources */,
				8BE30401236E07AB00EBDC44 /* User.swift in Sources */,
				8BDD4CE4236EFA5200579094 /* UserDefaults+Extensions.swift in Sources */,
				8BE30410236E1FB300EBDC44 /* LogbookVM.swift in Sources */,
				8BE303F8236E05F300EBDC44 /* TabNavView.swift in Sources */,
				8BE303FC236E068500EBDC44 /* LogbookView.swift in Sources */,
				8BDD4CEE236F337B00579094 /* Array+Extensions.swift in Sources */,
				8BDD4CE8236F038700579094 /* Calories.swift in Sources */,
				8BE30414236E29C600EBDC44 /* AddRunView.swift in Sources */,
				8BE303FE236E068D00EBDC44 /* ProfileView.swift in Sources */,
				8BE303FA236E067700EBDC44 /* TreatsView.swift in Sources */,
				8BE3040B236E11B500EBDC44 /* Styleguide.swift in Sources */,
			);
			runOnlyForDeploymentPostprocessing = 0;
		};
/* End PBXSourcesBuildPhase section */

/* Begin PBXVariantGroup section */
		8BE303EC236E010900EBDC44 /* LaunchScreen.storyboard */ = {
			isa = PBXVariantGroup;
			children = (
				8BE303ED236E010900EBDC44 /* Base */,
			);
			name = LaunchScreen.storyboard;
			sourceTree = "<group>";
		};
/* End PBXVariantGroup section */

/* Begin XCBuildConfiguration section */
		8BE303F0236E010900EBDC44 /* Debug */ = {
			isa = XCBuildConfiguration;
			buildSettings = {
				ALWAYS_SEARCH_USER_PATHS = NO;
				CLANG_ANALYZER_NONNULL = YES;
				CLANG_ANALYZER_NUMBER_OBJECT_CONVERSION = YES_AGGRESSIVE;
				CLANG_CXX_LANGUAGE_STANDARD = "gnu++14";
				CLANG_CXX_LIBRARY = "libc++";
				CLANG_ENABLE_MODULES = YES;
				CLANG_ENABLE_OBJC_ARC = YES;
				CLANG_ENABLE_OBJC_WEAK = YES;
				CLANG_WARN_BLOCK_CAPTURE_AUTORELEASING = YES;
				CLANG_WARN_BOOL_CONVERSION = YES;
				CLANG_WARN_COMMA = YES;
				CLANG_WARN_CONSTANT_CONVERSION = YES;
				CLANG_WARN_DEPRECATED_OBJC_IMPLEMENTATIONS = YES;
				CLANG_WARN_DIRECT_OBJC_ISA_USAGE = YES_ERROR;
				CLANG_WARN_DOCUMENTATION_COMMENTS = YES;
				CLANG_WARN_EMPTY_BODY = YES;
				CLANG_WARN_ENUM_CONVERSION = YES;
				CLANG_WARN_INFINITE_RECURSION = YES;
				CLANG_WARN_INT_CONVERSION = YES;
				CLANG_WARN_NON_LITERAL_NULL_CONVERSION = YES;
				CLANG_WARN_OBJC_IMPLICIT_RETAIN_SELF = YES;
				CLANG_WARN_OBJC_LITERAL_CONVERSION = YES;
				CLANG_WARN_OBJC_ROOT_CLASS = YES_ERROR;
				CLANG_WARN_RANGE_LOOP_ANALYSIS = YES;
				CLANG_WARN_STRICT_PROTOTYPES = YES;
				CLANG_WARN_SUSPICIOUS_MOVE = YES;
				CLANG_WARN_UNGUARDED_AVAILABILITY = YES_AGGRESSIVE;
				CLANG_WARN_UNREACHABLE_CODE = YES;
				CLANG_WARN__DUPLICATE_METHOD_MATCH = YES;
				COPY_PHASE_STRIP = NO;
				DEBUG_INFORMATION_FORMAT = dwarf;
				ENABLE_STRICT_OBJC_MSGSEND = YES;
				ENABLE_TESTABILITY = YES;
				GCC_C_LANGUAGE_STANDARD = gnu11;
				GCC_DYNAMIC_NO_PIC = NO;
				GCC_NO_COMMON_BLOCKS = YES;
				GCC_OPTIMIZATION_LEVEL = 0;
				GCC_PREPROCESSOR_DEFINITIONS = (
					"DEBUG=1",
					"$(inherited)",
				);
				GCC_WARN_64_TO_32_BIT_CONVERSION = YES;
				GCC_WARN_ABOUT_RETURN_TYPE = YES_ERROR;
				GCC_WARN_UNDECLARED_SELECTOR = YES;
				GCC_WARN_UNINITIALIZED_AUTOS = YES_AGGRESSIVE;
				GCC_WARN_UNUSED_FUNCTION = YES;
				GCC_WARN_UNUSED_VARIABLE = YES;
				IPHONEOS_DEPLOYMENT_TARGET = 13.2;
				MTL_ENABLE_DEBUG_INFO = INCLUDE_SOURCE;
				MTL_FAST_MATH = YES;
				ONLY_ACTIVE_ARCH = YES;
				SDKROOT = iphoneos;
				SWIFT_ACTIVE_COMPILATION_CONDITIONS = DEBUG;
				SWIFT_OPTIMIZATION_LEVEL = "-Onone";
			};
			name = Debug;
		};
		8BE303F1236E010900EBDC44 /* Release */ = {
			isa = XCBuildConfiguration;
			buildSettings = {
				ALWAYS_SEARCH_USER_PATHS = NO;
				CLANG_ANALYZER_NONNULL = YES;
				CLANG_ANALYZER_NUMBER_OBJECT_CONVERSION = YES_AGGRESSIVE;
				CLANG_CXX_LANGUAGE_STANDARD = "gnu++14";
				CLANG_CXX_LIBRARY = "libc++";
				CLANG_ENABLE_MODULES = YES;
				CLANG_ENABLE_OBJC_ARC = YES;
				CLANG_ENABLE_OBJC_WEAK = YES;
				CLANG_WARN_BLOCK_CAPTURE_AUTORELEASING = YES;
				CLANG_WARN_BOOL_CONVERSION = YES;
				CLANG_WARN_COMMA = YES;
				CLANG_WARN_CONSTANT_CONVERSION = YES;
				CLANG_WARN_DEPRECATED_OBJC_IMPLEMENTATIONS = YES;
				CLANG_WARN_DIRECT_OBJC_ISA_USAGE = YES_ERROR;
				CLANG_WARN_DOCUMENTATION_COMMENTS = YES;
				CLANG_WARN_EMPTY_BODY = YES;
				CLANG_WARN_ENUM_CONVERSION = YES;
				CLANG_WARN_INFINITE_RECURSION = YES;
				CLANG_WARN_INT_CONVERSION = YES;
				CLANG_WARN_NON_LITERAL_NULL_CONVERSION = YES;
				CLANG_WARN_OBJC_IMPLICIT_RETAIN_SELF = YES;
				CLANG_WARN_OBJC_LITERAL_CONVERSION = YES;
				CLANG_WARN_OBJC_ROOT_CLASS = YES_ERROR;
				CLANG_WARN_RANGE_LOOP_ANALYSIS = YES;
				CLANG_WARN_STRICT_PROTOTYPES = YES;
				CLANG_WARN_SUSPICIOUS_MOVE = YES;
				CLANG_WARN_UNGUARDED_AVAILABILITY = YES_AGGRESSIVE;
				CLANG_WARN_UNREACHABLE_CODE = YES;
				CLANG_WARN__DUPLICATE_METHOD_MATCH = YES;
				COPY_PHASE_STRIP = NO;
				DEBUG_INFORMATION_FORMAT = "dwarf-with-dsym";
				ENABLE_NS_ASSERTIONS = NO;
				ENABLE_STRICT_OBJC_MSGSEND = YES;
				GCC_C_LANGUAGE_STANDARD = gnu11;
				GCC_NO_COMMON_BLOCKS = YES;
				GCC_WARN_64_TO_32_BIT_CONVERSION = YES;
				GCC_WARN_ABOUT_RETURN_TYPE = YES_ERROR;
				GCC_WARN_UNDECLARED_SELECTOR = YES;
				GCC_WARN_UNINITIALIZED_AUTOS = YES_AGGRESSIVE;
				GCC_WARN_UNUSED_FUNCTION = YES;
				GCC_WARN_UNUSED_VARIABLE = YES;
				IPHONEOS_DEPLOYMENT_TARGET = 13.2;
				MTL_ENABLE_DEBUG_INFO = NO;
				MTL_FAST_MATH = YES;
				SDKROOT = iphoneos;
				SWIFT_COMPILATION_MODE = wholemodule;
				SWIFT_OPTIMIZATION_LEVEL = "-O";
				VALIDATE_PRODUCT = YES;
			};
			name = Release;
		};
		8BE303F3236E010900EBDC44 /* Debug */ = {
			isa = XCBuildConfiguration;
			buildSettings = {
				ASSETCATALOG_COMPILER_APPICON_NAME = AppIcon;
				CODE_SIGN_STYLE = Automatic;
				DEVELOPMENT_ASSET_PATHS = "\"TastySlopes/Preview Content\"";
				DEVELOPMENT_TEAM = 2HG8AL7F4U;
				ENABLE_PREVIEWS = YES;
				INFOPLIST_FILE = TastySlopes/Info.plist;
				LD_RUNPATH_SEARCH_PATHS = (
					"$(inherited)",
					"@executable_path/Frameworks",
				);
				PRODUCT_BUNDLE_IDENTIFIER = elemes.TastySlopes;
				PRODUCT_NAME = "$(TARGET_NAME)";
				SWIFT_VERSION = 5.0;
				TARGETED_DEVICE_FAMILY = "1,2";
			};
			name = Debug;
		};
		8BE303F4236E010900EBDC44 /* Release */ = {
			isa = XCBuildConfiguration;
			buildSettings = {
				ASSETCATALOG_COMPILER_APPICON_NAME = AppIcon;
				CODE_SIGN_STYLE = Automatic;
				DEVELOPMENT_ASSET_PATHS = "\"TastySlopes/Preview Content\"";
				DEVELOPMENT_TEAM = 2HG8AL7F4U;
				ENABLE_PREVIEWS = YES;
				INFOPLIST_FILE = TastySlopes/Info.plist;
				LD_RUNPATH_SEARCH_PATHS = (
					"$(inherited)",
					"@executable_path/Frameworks",
				);
				PRODUCT_BUNDLE_IDENTIFIER = elemes.TastySlopes;
				PRODUCT_NAME = "$(TARGET_NAME)";
				SWIFT_VERSION = 5.0;
				TARGETED_DEVICE_FAMILY = "1,2";
			};
			name = Release;
		};
/* End XCBuildConfiguration section */

/* Begin XCConfigurationList section */
		8BE303D9236E010700EBDC44 /* Build configuration list for PBXProject "TastySlopes" */ = {
			isa = XCConfigurationList;
			buildConfigurations = (
				8BE303F0236E010900EBDC44 /* Debug */,
				8BE303F1236E010900EBDC44 /* Release */,
			);
			defaultConfigurationIsVisible = 0;
			defaultConfigurationName = Release;
		};
		8BE303F2236E010900EBDC44 /* Build configuration list for PBXNativeTarget "TastySlopes" */ = {
			isa = XCConfigurationList;
			buildConfigurations = (
				8BE303F3236E010900EBDC44 /* Debug */,
				8BE303F4236E010900EBDC44 /* Release */,
			);
			defaultConfigurationIsVisible = 0;
			defaultConfigurationName = Release;
		};
/* End XCConfigurationList section */
	};
	rootObject = 8BE303D6236E010700EBDC44 /* Project object */;
}
